
Microsoft Visual Studio Solution File, Format Version 12.00
# Visual Studio 15
VisualStudioVersion = 15.0.26124.0
MinimumVisualStudioVersion = 15.0.26124.0
Project("{2150E333-8FDC-42A3-9474-1A3956D46DE8}") = "src", "src", "{934BCF95-E54A-4A43-8D89-6E332CCBC613}"
EndProject
Project("{FAE04EC0-301F-11D3-BF4B-00C04F79EFBC}") = "Koopa", "src\Koopa\Koopa.csproj", "{F5D03820-9FC1-4F59-ACB3-CDD0521E2AD2}"
EndProject
Project("{FAE04EC0-301F-11D3-BF4B-00C04F79EFBC}") = "Koopa.Cli", "src\Koopa.Cli\Koopa.Cli.csproj", "{C2E2EA6C-2975-4C85-90FE-8B3CD7EB8CC1}"
EndProject
Global
	GlobalSection(SolutionConfigurationPlatforms) = preSolution
		Debug|Any CPU = Debug|Any CPU
		Debug|x64 = Debug|x64
		Debug|x86 = Debug|x86
		Release|Any CPU = Release|Any CPU
		Release|x64 = Release|x64
		Release|x86 = Release|x86
	EndGlobalSection
	GlobalSection(SolutionProperties) = preSolution
		HideSolutionNode = FALSE
	EndGlobalSection
	GlobalSection(ProjectConfigurationPlatforms) = postSolution
		{F5D03820-9FC1-4F59-ACB3-CDD0521E2AD2}.Debug|Any CPU.ActiveCfg = Debug|Any CPU
		{F5D03820-9FC1-4F59-ACB3-CDD0521E2AD2}.Debug|Any CPU.Build.0 = Debug|Any CPU
		{F5D03820-9FC1-4F59-ACB3-CDD0521E2AD2}.Debug|x64.ActiveCfg = Debug|Any CPU
		{F5D03820-9FC1-4F59-ACB3-CDD0521E2AD2}.Debug|x64.Build.0 = Debug|Any CPU
		{F5D03820-9FC1-4F59-ACB3-CDD0521E2AD2}.Debug|x86.ActiveCfg = Debug|Any CPU
		{F5D03820-9FC1-4F59-ACB3-CDD0521E2AD2}.Debug|x86.Build.0 = Debug|Any CPU
		{F5D03820-9FC1-4F59-ACB3-CDD0521E2AD2}.Release|Any CPU.ActiveCfg = Release|Any CPU
		{F5D03820-9FC1-4F59-ACB3-CDD0521E2AD2}.Release|Any CPU.Build.0 = Release|Any CPU
		{F5D03820-9FC1-4F59-ACB3-CDD0521E2AD2}.Release|x64.ActiveCfg = Release|Any CPU
		{F5D03820-9FC1-4F59-ACB3-CDD0521E2AD2}.Release|x64.Build.0 = Release|Any CPU
		{F5D03820-9FC1-4F59-ACB3-CDD0521E2AD2}.Release|x86.ActiveCfg = Release|Any CPU
		{F5D03820-9FC1-4F59-ACB3-CDD0521E2AD2}.Release|x86.Build.0 = Release|Any CPU
		{C2E2EA6C-2975-4C85-90FE-8B3CD7EB8CC1}.Debug|Any CPU.ActiveCfg = Debug|Any CPU
		{C2E2EA6C-2975-4C85-90FE-8B3CD7EB8CC1}.Debug|Any CPU.Build.0 = Debug|Any CPU
		{C2E2EA6C-2975-4C85-90FE-8B3CD7EB8CC1}.Debug|x64.ActiveCfg = Debug|Any CPU
		{C2E2EA6C-2975-4C85-90FE-8B3CD7EB8CC1}.Debug|x64.Build.0 = Debug|Any CPU
		{C2E2EA6C-2975-4C85-90FE-8B3CD7EB8CC1}.Debug|x86.ActiveCfg = Debug|Any CPU
		{C2E2EA6C-2975-4C85-90FE-8B3CD7EB8CC1}.Debug|x86.Build.0 = Debug|Any CPU
		{C2E2EA6C-2975-4C85-90FE-8B3CD7EB8CC1}.Release|Any CPU.ActiveCfg = Release|Any CPU
		{C2E2EA6C-2975-4C85-90FE-8B3CD7EB8CC1}.Release|Any CPU.Build.0 = Release|Any CPU
		{C2E2EA6C-2975-4C85-90FE-8B3CD7EB8CC1}.Release|x64.ActiveCfg = Release|Any CPU
		{C2E2EA6C-2975-4C85-90FE-8B3CD7EB8CC1}.Release|x64.Build.0 = Release|Any CPU
		{C2E2EA6C-2975-4C85-90FE-8B3CD7EB8CC1}.Release|x86.ActiveCfg = Release|Any CPU
		{C2E2EA6C-2975-4C85-90FE-8B3CD7EB8CC1}.Release|x86.Build.0 = Release|Any CPU
	EndGlobalSection
	GlobalSection(NestedProjects) = preSolution
		{F5D03820-9FC1-4F59-ACB3-CDD0521E2AD2} = {934BCF95-E54A-4A43-8D89-6E332CCBC613}
		{C2E2EA6C-2975-4C85-90FE-8B3CD7EB8CC1} = {934BCF95-E54A-4A43-8D89-6E332CCBC613}
	EndGlobalSection
EndGlobal
